dependencies:
  audio:
    dependencies: []
    source:
      path: /home/max/Projects/fh/thesis/esp32-avb/components/audio
      type: local
    version: '*'
  avb:
    dependencies: []
    source:
      path: /home/max/Projects/fh/thesis/esp32-avb/components/avb
      type: local
    version: '*'
  esp_eth_time:
    dependencies: []
    source:
      path: /home/max/Projects/esp-idf/examples/ethernet/ptp/components/esp_eth_time
      type: local
    version: '*'
  espressif/esp_codec_dev:
    component_hash: 0d9e9bc288156eb55f79338d312e1ebf8c9dfbd5e7d13ef0f20ccb031b4e15cf
    dependencies:
    - name: idf
      require: private
      version: '>=4.0'
    source:
      registry_url: https://components.espressif.com/
      type: service
    version: 1.5.4
  ethernet_init:
    dependencies: []
    source:
      path: /home/max/Projects/fh/thesis/esp32-avb/components/ethernet_init
      type: local
    version: 1.3.0
  idf:
    source:
      type: idf
    version: 5.5.2
  ptpd:
    dependencies:
    - name: esp_eth_time
      path: ${IDF_PATH}/examples/ethernet/ptp/components/esp_eth_time
    source:
      path: /home/max/Projects/esp-idf/examples/ethernet/ptp/components/ptpd
      type: local
    version: '*'
direct_dependencies:
- audio
- avb
- esp_eth_time
- espressif/esp_codec_dev
- espressif/ethernet_init
- idf
- ptpd
manifest_hash: eab800a706f3f492064c7ba03132931344e9ab3fd2ff9be3a91d3ef1805649a2
target: esp32p4
version: 2.0.0
