dependencies:
  avb:
    dependencies: []
    source:
      path: /home/max/Projects/fh/thesis/esp32-avb/components/avb
      type: local
    version: '*'
  esp_eth_time:
    dependencies: []
    source:
      path: /home/max/Projects/esp/esp-idf/examples/ethernet/ptp/components/esp_eth_time
      type: local
    version: '*'
  espressif/ethernet_init:
    dependencies: []
    source:
      path: /home/max/Projects/fh/thesis/esp32-avb/managed_components/espressif__ethernet_init
      type: local
    version: 1.2.0
  espressif/ip101:
    component_hash: e3be457b9ae50d7b348e5418ef1a334b3f943a1f0df16a4d42767b89ae15d533
    dependencies:
    - name: idf
      require: private
      version: '>=6.0'
    source:
      registry_url: https://components.espressif.com/
      type: service
    targets:
    - esp32
    - esp32p4
    version: 1.0.0
  idf:
    source:
      type: idf
    version: 6.0.0
  ptpd:
    dependencies:
    - name: esp_eth_time
      path: ${IDF_PATH}/examples/ethernet/ptp/components/esp_eth_time
    source:
      path: /home/max/Projects/esp/esp-idf/examples/ethernet/ptp/components/ptpd
      type: local
    version: '*'
  srp:
    dependencies: []
    source:
      path: /home/max/Projects/fh/thesis/esp32-avb/components/srp
      type: local
    version: '*'
direct_dependencies:
- avb
- esp_eth_time
- espressif/ethernet_init
- espressif/ip101
- idf
- ptpd
- srp
manifest_hash: c9f13b031bf7a7a077b4a0d343427717735d0e9223af6a2c95e2172b289d945e
target: esp32p4
version: 2.0.0
